
Microsoft Visual Studio Solution File, Format Version 12.00
# Visual Studio Version 17
VisualStudioVersion = 17.3.32819.101
MinimumVisualStudioVersion = 10.0.40219.1
Project("{FAE04EC0-301F-11D3-BF4B-00C04F79EFBC}") = "Web1", "Web1\Web1.csproj", "{C546E57D-59B2-4EAD-8D2E-49D8E43AF77E}"
EndProject
Project("{FAE04EC0-301F-11D3-BF4B-00C04F79EFBC}") = "Web11", "Web11\Web11.csproj", "{272B414D-2E90-462D-ADE0-61D42203C4DB}"
EndProject
Global
	GlobalSection(SolutionConfigurationPlatforms) = preSolution
		Debug|Any CPU = Debug|Any CPU
		Release|Any CPU = Release|Any CPU
	EndGlobalSection
	GlobalSection(ProjectConfigurationPlatforms) = postSolution
		{C546E57D-59B2-4EAD-8D2E-49D8E43AF77E}.Debug|Any CPU.ActiveCfg = Debug|Any CPU
		{C546E57D-59B2-4EAD-8D2E-49D8E43AF77E}.Debug|Any CPU.Build.0 = Debug|Any CPU
		{C546E57D-59B2-4EAD-8D2E-49D8E43AF77E}.Release|Any CPU.ActiveCfg = Release|Any CPU
		{C546E57D-59B2-4EAD-8D2E-49D8E43AF77E}.Release|Any CPU.Build.0 = Release|Any CPU
		{272B414D-2E90-462D-ADE0-61D42203C4DB}.Debug|Any CPU.ActiveCfg = Debug|Any CPU
		{272B414D-2E90-462D-ADE0-61D42203C4DB}.Debug|Any CPU.Build.0 = Debug|Any CPU
		{272B414D-2E90-462D-ADE0-61D42203C4DB}.Release|Any CPU.ActiveCfg = Release|Any CPU
		{272B414D-2E90-462D-ADE0-61D42203C4DB}.Release|Any CPU.Build.0 = Release|Any CPU
	EndGlobalSection
	GlobalSection(SolutionProperties) = preSolution
		HideSolutionNode = FALSE
	EndGlobalSection
	GlobalSection(ExtensibilityGlobals) = postSolution
		SolutionGuid = {0490C3E8-A5DA-4BA7-9357-EAA071412D15}
	EndGlobalSection
EndGlobal
